<?xml version="1.0" encoding="utf-8"?>
<Project ToolsVersion="4.0" xmlns="http://schemas.microsoft.com/developer/msbuild/2003">
  <ItemGroup>
    <Filter Include="Файлы исходного кода">
      <UniqueIdentifier>{4FC737F1-C7A5-4376-A066-2A32D752A2FF}</UniqueIdentifier>
      <Extensions>cpp;c;cc;cxx;def;odl;idl;hpj;bat;asm;asmx</Extensions>
    </Filter>
    <Filter Include="Заголовочные файлы">
      <UniqueIdentifier>{93995380-89BD-4b04-88EB-625FBE52EBFB}</UniqueIdentifier>
      <Extensions>h;hh;hpp;hxx;hm;inl;inc;xsd</Extensions>
    </Filter>
    <Filter Include="Файлы ресурсов">
      <UniqueIdentifier>{67DA6AB6-F800-4c08-8B7A-83BB121AAD01}</UniqueIdentifier>
      <Extensions>rc;ico;cur;bmp;dlg;rc2;rct;bin;rgs;gif;jpg;jpeg;jpe;resx;tiff;tif;png;wav;mfcribbon-ms</Extensions>
    </Filter>
    <Filter Include="Заголовочные файлы\MVC">
      <UniqueIdentifier>{7e18990e-5497-4af4-bf69-8dda93350799}</UniqueIdentifier>
    </Filter>
    <Filter Include="Файлы исходного кода\MVC">
      <UniqueIdentifier>{b997dcfa-399a-411d-a8d9-86cf9a87ef1d}</UniqueIdentifier>
    </Filter>
    <Filter Include="Заголовочные файлы\GameElements">
      <UniqueIdentifier>{71feee35-85a9-4c60-a74d-3579c2f68b5e}</UniqueIdentifier>
    </Filter>
    <Filter Include="Файлы исходного кода\GameElements">
      <UniqueIdentifier>{46863e7f-9d4d-44c6-9dde-4fbe9040d46b}</UniqueIdentifier>
    </Filter>
  </ItemGroup>
  <ItemGroup>
    <ClCompile Include="main.cpp">
      <Filter>Файлы исходного кода</Filter>
    </ClCompile>
    <ClCompile Include="Observer.cpp">
      <Filter>Файлы исходного кода\MVC</Filter>
    </ClCompile>
    <ClCompile Include="GameView.cpp">
      <Filter>Файлы исходного кода\MVC</Filter>
    </ClCompile>
    <ClCompile Include="GameModel.cpp">
      <Filter>Файлы исходного кода\MVC</Filter>
    </ClCompile>
    <ClCompile Include="GameController.cpp">
      <Filter>Файлы исходного кода\MVC</Filter>
    </ClCompile>
    <ClCompile Include="Deck.cpp">
      <Filter>Файлы исходного кода\GameElements</Filter>
    </ClCompile>
    <ClCompile Include="Card.cpp">
      <Filter>Файлы исходного кода\GameElements</Filter>
    </ClCompile>
    <ClCompile Include="Shoe.cpp">
      <Filter>Файлы исходного кода\GameElements</Filter>
    </ClCompile>
    <ClCompile Include="Score.cpp">
      <Filter>Файлы исходного кода</Filter>
    </ClCompile>
    <ClCompile Include="Hand.cpp">
      <Filter>Файлы исходного кода\GameElements</Filter>
    </ClCompile>
  </ItemGroup>
  <ItemGroup>
    <ClInclude Include="Observer.h">
      <Filter>Заголовочные файлы\MVC</Filter>
    </ClInclude>
    <ClInclude Include="GameController.h">
      <Filter>Заголовочные файлы\MVC</Filter>
    </ClInclude>
    <ClInclude Include="GameModel.h">
      <Filter>Заголовочные файлы\MVC</Filter>
    </ClInclude>
    <ClInclude Include="GameView.h">
      <Filter>Заголовочные файлы\MVC</Filter>
    </ClInclude>
    <ClInclude Include="Deck.h">
      <Filter>Заголовочные файлы\GameElements</Filter>
    </ClInclude>
    <ClInclude Include="Card.h">
      <Filter>Заголовочные файлы\GameElements</Filter>
    </ClInclude>
    <ClInclude Include="Score.h">
      <Filter>Заголовочные файлы</Filter>
    </ClInclude>
    <ClInclude Include="Shoe.h">
      <Filter>Заголовочные файлы\GameElements</Filter>
    </ClInclude>
    <ClInclude Include="EnumOperations.h">
      <Filter>Заголовочные файлы\GameElements</Filter>
    </ClInclude>
    <ClInclude Include="Hand.h">
      <Filter>Заголовочные файлы\GameElements</Filter>
    </ClInclude>
  </ItemGroup>
</Project>